
Microsoft Visual Studio Solution File, Format Version 12.00
# Visual Studio 15
VisualStudioVersion = 15.0.28307.421
MinimumVisualStudioVersion = 10.0.40219.1
Project("{9A19103F-16F7-4668-BE54-9A1E7A4F7556}") = "UI", "UI\UI.csproj", "{1213D619-1C02-430B-8F93-84D0341B3DEE}"
EndProject
Project("{9A19103F-16F7-4668-BE54-9A1E7A4F7556}") = "Algorithm", "Algorithm\Algorithm.csproj", "{00FECADB-CB89-4D08-85DC-1D1D76366364}"
EndProject
Project("{9A19103F-16F7-4668-BE54-9A1E7A4F7556}") = "Logic", "Logic\Logic.csproj", "{392FBF6F-72AB-4AC9-AC49-943C974A5D16}"
EndProject
Global
	GlobalSection(SolutionConfigurationPlatforms) = preSolution
		Debug|Any CPU = Debug|Any CPU
		Release|Any CPU = Release|Any CPU
	EndGlobalSection
	GlobalSection(ProjectConfigurationPlatforms) = postSolution
		{1213D619-1C02-430B-8F93-84D0341B3DEE}.Debug|Any CPU.ActiveCfg = Debug|Any CPU
		{1213D619-1C02-430B-8F93-84D0341B3DEE}.Debug|Any CPU.Build.0 = Debug|Any CPU
		{1213D619-1C02-430B-8F93-84D0341B3DEE}.Release|Any CPU.ActiveCfg = Release|Any CPU
		{1213D619-1C02-430B-8F93-84D0341B3DEE}.Release|Any CPU.Build.0 = Release|Any CPU
		{00FECADB-CB89-4D08-85DC-1D1D76366364}.Debug|Any CPU.ActiveCfg = Debug|Any CPU
		{00FECADB-CB89-4D08-85DC-1D1D76366364}.Debug|Any CPU.Build.0 = Debug|Any CPU
		{00FECADB-CB89-4D08-85DC-1D1D76366364}.Release|Any CPU.ActiveCfg = Release|Any CPU
		{00FECADB-CB89-4D08-85DC-1D1D76366364}.Release|Any CPU.Build.0 = Release|Any CPU
		{392FBF6F-72AB-4AC9-AC49-943C974A5D16}.Debug|Any CPU.ActiveCfg = Debug|Any CPU
		{392FBF6F-72AB-4AC9-AC49-943C974A5D16}.Debug|Any CPU.Build.0 = Debug|Any CPU
		{392FBF6F-72AB-4AC9-AC49-943C974A5D16}.Release|Any CPU.ActiveCfg = Release|Any CPU
		{392FBF6F-72AB-4AC9-AC49-943C974A5D16}.Release|Any CPU.Build.0 = Release|Any CPU
	EndGlobalSection
	GlobalSection(SolutionProperties) = preSolution
		HideSolutionNode = FALSE
	EndGlobalSection
	GlobalSection(ExtensibilityGlobals) = postSolution
		SolutionGuid = {F6769B48-181A-4CC8-A67A-B41865D04078}
	EndGlobalSection
EndGlobal
